
Microsoft Visual Studio Solution File, Format Version 12.00
# Visual Studio Version 16
VisualStudioVersion = 16.0.29613.14
MinimumVisualStudioVersion = 10.0.40219.1
Project("{9A19103F-16F7-4668-BE54-9A1E7A4F7556}") = "NaraWebApi", "NaraWebApi\NaraWebApi.csproj", "{004492AE-1B84-4C2C-A298-4746386AA105}"
EndProject
Global
	GlobalSection(SolutionConfigurationPlatforms) = preSolution
		Debug|Any CPU = Debug|Any CPU
		Release|Any CPU = Release|Any CPU
	EndGlobalSection
	GlobalSection(ProjectConfigurationPlatforms) = postSolution
		{004492AE-1B84-4C2C-A298-4746386AA105}.Debug|Any CPU.ActiveCfg = Debug|Any CPU
		{004492AE-1B84-4C2C-A298-4746386AA105}.Debug|Any CPU.Build.0 = Debug|Any CPU
		{004492AE-1B84-4C2C-A298-4746386AA105}.Release|Any CPU.ActiveCfg = Release|Any CPU
		{004492AE-1B84-4C2C-A298-4746386AA105}.Release|Any CPU.Build.0 = Release|Any CPU
	EndGlobalSection
	GlobalSection(SolutionProperties) = preSolution
		HideSolutionNode = FALSE
	EndGlobalSection
	GlobalSection(ExtensibilityGlobals) = postSolution
		SolutionGuid = {AC9C17D0-C8F5-4D92-A47C-63BBD3009D6D}
	EndGlobalSection
EndGlobal
